
Microsoft Visual Studio Solution File, Format Version 12.00
# Visual Studio Version 17
VisualStudioVersion = 17.1.32328.378
MinimumVisualStudioVersion = 10.0.40219.1
Project("{FAE04EC0-301F-11D3-BF4B-00C04F79EFBC}") = "PruebaLuana", "PruebaLuana.csproj", "{41D20A42-8D9A-4B3F-BC12-584444C4F501}"
EndProject
Global
	GlobalSection(SolutionConfigurationPlatforms) = preSolution
		Debug|Any CPU = Debug|Any CPU
		Release|Any CPU = Release|Any CPU
	EndGlobalSection
	GlobalSection(ProjectConfigurationPlatforms) = postSolution
		{41D20A42-8D9A-4B3F-BC12-584444C4F501}.Debug|Any CPU.ActiveCfg = Debug|Any CPU
		{41D20A42-8D9A-4B3F-BC12-584444C4F501}.Debug|Any CPU.Build.0 = Debug|Any CPU
		{41D20A42-8D9A-4B3F-BC12-584444C4F501}.Release|Any CPU.ActiveCfg = Release|Any CPU
		{41D20A42-8D9A-4B3F-BC12-584444C4F501}.Release|Any CPU.Build.0 = Release|Any CPU
	EndGlobalSection
	GlobalSection(SolutionProperties) = preSolution
		HideSolutionNode = FALSE
	EndGlobalSection
	GlobalSection(ExtensibilityGlobals) = postSolution
		SolutionGuid = {EDFC5B07-9627-4A97-8DF3-1782F5DB82C8}
	EndGlobalSection
EndGlobal
